// !$*UTF8*$!
{
	archiveVersion = 1;
	classes = {
	};
	objectVersion = 50;
	objects = {

/* Begin PBXBuildFile section */
		4BF63BE22635778D0026E827 /* custom_build_configurationApp.swift in Sources */ = {isa = PBXBuildFile; fileRef = 4BF63BE12635778D0026E827 /* custom_build_configurationApp.swift */; };
		4BF63BE62635778F0026E827 /* Assets.xcassets in Resources */ = {isa = PBXBuildFile; fileRef = 4BF63BE52635778F0026E827 /* Assets.xcassets */; };
		4BF63BE92635778F0026E827 /* Preview Assets.xcassets in Resources */ = {isa = PBXBuildFile; fileRef = 4BF63BE82635778F0026E827 /* Preview Assets.xcassets */; };
		4BF63BF42635778F0026E827 /* custom_build_configurationTests.swift in Sources */ = {isa = PBXBuildFile; fileRef = 4BF63BF32635778F0026E827 /* custom_build_configurationTests.swift */; };
		4BF63C1D26357AF60026E827 /* Configuration.swift in Sources */ = {isa = PBXBuildFile; fileRef = 4BF63C1C26357AF60026E827 /* Configuration.swift */; };
		4BF63C2326357D000026E827 /* ProductionTodosRepository.swift in Sources */ = {isa = PBXBuildFile; fileRef = 4BF63C2226357D000026E827 /* ProductionTodosRepository.swift */; };
		4BF63C2926357D1A0026E827 /* Todo.swift in Sources */ = {isa = PBXBuildFile; fileRef = 4BF63C2826357D1A0026E827 /* Todo.swift */; };
		4BF63C2D26357DD80026E827 /* InMemoryTodosRepository.swift in Sources */ = {isa = PBXBuildFile; fileRef = 4BF63C2C26357DD80026E827 /* InMemoryTodosRepository.swift */; };
		4BF63C312635812C0026E827 /* TodoDto.swift in Sources */ = {isa = PBXBuildFile; fileRef = 4BF63C302635812C0026E827 /* TodoDto.swift */; };
		4BF63C372635872E0026E827 /* TodosViewModel.swift in Sources */ = {isa = PBXBuildFile; fileRef = 4BF63C362635872E0026E827 /* TodosViewModel.swift */; };
		4BF63C3F263588D00026E827 /* TestTodosViewModel.swift in Sources */ = {isa = PBXBuildFile; fileRef = 4BF63C3E263588D00026E827 /* TestTodosViewModel.swift */; };
		4BF63C4526358FCE0026E827 /* TodosFixture.swift in Sources */ = {isa = PBXBuildFile; fileRef = 4BF63C4426358FCE0026E827 /* TodosFixture.swift */; };
		4BF63C4F2635B9E30026E827 /* TodosView.swift in Sources */ = {isa = PBXBuildFile; fileRef = 4BF63C4E2635B9E30026E827 /* TodosView.swift */; };
		4BF63C532635BBE90026E827 /* TodosContainer.swift in Sources */ = {isa = PBXBuildFile; fileRef = 4BF63C522635BBE90026E827 /* TodosContainer.swift */; };
		4BF63C572635BCF10026E827 /* AppContainer.swift in Sources */ = {isa = PBXBuildFile; fileRef = 4BF63C562635BCF10026E827 /* AppContainer.swift */; };
/* End PBXBuildFile section */

/* Begin PBXContainerItemProxy section */
		4BF63BF02635778F0026E827 /* PBXContainerItemProxy */ = {
			isa = PBXContainerItemProxy;
			containerPortal = 4BF63BD62635778D0026E827 /* Project object */;
			proxyType = 1;
			remoteGlobalIDString = 4BF63BDD2635778D0026E827;
			remoteInfo = "custom-build-configuration";
		};
/* End PBXContainerItemProxy section */

/* Begin PBXFileReference section */
		4BF63BDE2635778D0026E827 /* custom-build-configuration.app */ = {isa = PBXFileReference; explicitFileType = wrapper.application; includeInIndex = 0; path = "custom-build-configuration.app"; sourceTree = BUILT_PRODUCTS_DIR; };
		4BF63BE12635778D0026E827 /* custom_build_configurationApp.swift */ = {isa = PBXFileReference; lastKnownFileType = sourcecode.swift; path = custom_build_configurationApp.swift; sourceTree = "<group>"; };
		4BF63BE52635778F0026E827 /* Assets.xcassets */ = {isa = PBXFileReference; lastKnownFileType = folder.assetcatalog; path = Assets.xcassets; sourceTree = "<group>"; };
		4BF63BE82635778F0026E827 /* Preview Assets.xcassets */ = {isa = PBXFileReference; lastKnownFileType = folder.assetcatalog; path = "Preview Assets.xcassets"; sourceTree = "<group>"; };
		4BF63BEA2635778F0026E827 /* Info.plist */ = {isa = PBXFileReference; lastKnownFileType = text.plist.xml; path = Info.plist; sourceTree = "<group>"; };
		4BF63BEF2635778F0026E827 /* custom-build-configurationTests.xctest */ = {isa = PBXFileReference; explicitFileType = wrapper.cfbundle; includeInIndex = 0; path = "custom-build-configurationTests.xctest"; sourceTree = BUILT_PRODUCTS_DIR; };
		4BF63BF32635778F0026E827 /* custom_build_configurationTests.swift */ = {isa = PBXFileReference; lastKnownFileType = sourcecode.swift; path = custom_build_configurationTests.swift; sourceTree = "<group>"; };
		4BF63BF52635778F0026E827 /* Info.plist */ = {isa = PBXFileReference; lastKnownFileType = text.plist.xml; path = Info.plist; sourceTree = "<group>"; };
		4BF63C1C26357AF60026E827 /* Configuration.swift */ = {isa = PBXFileReference; lastKnownFileType = sourcecode.swift; path = Configuration.swift; sourceTree = "<group>"; };
		4BF63C2226357D000026E827 /* ProductionTodosRepository.swift */ = {isa = PBXFileReference; lastKnownFileType = sourcecode.swift; path = ProductionTodosRepository.swift; sourceTree = "<group>"; };
		4BF63C2826357D1A0026E827 /* Todo.swift */ = {isa = PBXFileReference; lastKnownFileType = sourcecode.swift; path = Todo.swift; sourceTree = "<group>"; };
		4BF63C2C26357DD80026E827 /* InMemoryTodosRepository.swift */ = {isa = PBXFileReference; lastKnownFileType = sourcecode.swift; path = InMemoryTodosRepository.swift; sourceTree = "<group>"; };
		4BF63C302635812C0026E827 /* TodoDto.swift */ = {isa = PBXFileReference; lastKnownFileType = sourcecode.swift; path = TodoDto.swift; sourceTree = "<group>"; };
		4BF63C362635872E0026E827 /* TodosViewModel.swift */ = {isa = PBXFileReference; lastKnownFileType = sourcecode.swift; path = TodosViewModel.swift; sourceTree = "<group>"; };
		4BF63C3E263588D00026E827 /* TestTodosViewModel.swift */ = {isa = PBXFileReference; lastKnownFileType = sourcecode.swift; path = TestTodosViewModel.swift; sourceTree = "<group>"; };
		4BF63C4426358FCE0026E827 /* TodosFixture.swift */ = {isa = PBXFileReference; lastKnownFileType = sourcecode.swift; path = TodosFixture.swift; sourceTree = "<group>"; };
		4BF63C4E2635B9E30026E827 /* TodosView.swift */ = {isa = PBXFileReference; lastKnownFileType = sourcecode.swift; path = TodosView.swift; sourceTree = "<group>"; };
		4BF63C522635BBE90026E827 /* TodosContainer.swift */ = {isa = PBXFileReference; lastKnownFileType = sourcecode.swift; path = TodosContainer.swift; sourceTree = "<group>"; };
		4BF63C562635BCF10026E827 /* AppContainer.swift */ = {isa = PBXFileReference; lastKnownFileType = sourcecode.swift; path = AppContainer.swift; sourceTree = "<group>"; };
/* End PBXFileReference section */

/* Begin PBXFrameworksBuildPhase section */
		4BF63BDB2635778D0026E827 /* Frameworks */ = {
			isa = PBXFrameworksBuildPhase;
			buildActionMask = 2147483647;
			files = (
			);
			runOnlyForDeploymentPostprocessing = 0;
		};
		4BF63BEC2635778F0026E827 /* Frameworks */ = {
			isa = PBXFrameworksBuildPhase;
			buildActionMask = 2147483647;
			files = (
			);
			runOnlyForDeploymentPostprocessing = 0;
		};
/* End PBXFrameworksBuildPhase section */

/* Begin PBXGroup section */
		4BF63BD52635778D0026E827 = {
			isa = PBXGroup;
			children = (
				4BF63BE02635778D0026E827 /* custom-build-configuration */,
				4BF63BF22635778F0026E827 /* custom-build-configurationTests */,
				4BF63BDF2635778D0026E827 /* Products */,
			);
			sourceTree = "<group>";
		};
		4BF63BDF2635778D0026E827 /* Products */ = {
			isa = PBXGroup;
			children = (
				4BF63BDE2635778D0026E827 /* custom-build-configuration.app */,
				4BF63BEF2635778F0026E827 /* custom-build-configurationTests.xctest */,
			);
			name = Products;
			sourceTree = "<group>";
		};
		4BF63BE02635778D0026E827 /* custom-build-configuration */ = {
			isa = PBXGroup;
			children = (
				4BF63C2026357CBF0026E827 /* Shared */,
				4BF63BE12635778D0026E827 /* custom_build_configurationApp.swift */,
				4BF63BE52635778F0026E827 /* Assets.xcassets */,
				4BF63BEA2635778F0026E827 /* Info.plist */,
				4BF63BE72635778F0026E827 /* Preview Content */,
				4BF63C1C26357AF60026E827 /* Configuration.swift */,
				4BF63C562635BCF10026E827 /* AppContainer.swift */,
			);
			path = "custom-build-configuration";
			sourceTree = "<group>";
		};
		4BF63BE72635778F0026E827 /* Preview Content */ = {
			isa = PBXGroup;
			children = (
				4BF63BE82635778F0026E827 /* Preview Assets.xcassets */,
			);
			path = "Preview Content";
			sourceTree = "<group>";
		};
		4BF63BF22635778F0026E827 /* custom-build-configurationTests */ = {
			isa = PBXGroup;
			children = (
				4BF63C3C263588A50026E827 /* todos */,
				4BF63BF32635778F0026E827 /* custom_build_configurationTests.swift */,
				4BF63BF52635778F0026E827 /* Info.plist */,
			);
			path = "custom-build-configurationTests";
			sourceTree = "<group>";
		};
		4BF63C2026357CBF0026E827 /* Shared */ = {
			isa = PBXGroup;
			children = (
				4BF63C34263586F50026E827 /* todos */,
			);
			path = Shared;
			sourceTree = "<group>";
		};
		4BF63C34263586F50026E827 /* todos */ = {
			isa = PBXGroup;
			children = (
				4BF63C35263587080026E827 /* views */,
				4BF63C2226357D000026E827 /* ProductionTodosRepository.swift */,
				4BF63C2826357D1A0026E827 /* Todo.swift */,
				4BF63C2C26357DD80026E827 /* InMemoryTodosRepository.swift */,
				4BF63C302635812C0026E827 /* TodoDto.swift */,
				4BF63C522635BBE90026E827 /* TodosContainer.swift */,
			);
			path = todos;
			sourceTree = "<group>";
		};
		4BF63C35263587080026E827 /* views */ = {
			isa = PBXGroup;
			children = (
				4BF63C362635872E0026E827 /* TodosViewModel.swift */,
				4BF63C4E2635B9E30026E827 /* TodosView.swift */,
			);
			path = views;
			sourceTree = "<group>";
		};
		4BF63C3C263588A50026E827 /* todos */ = {
			isa = PBXGroup;
			children = (
				4BF63C3D263588AD0026E827 /* views */,
				4BF63C4426358FCE0026E827 /* TodosFixture.swift */,
			);
			path = todos;
			sourceTree = "<group>";
		};
		4BF63C3D263588AD0026E827 /* views */ = {
			isa = PBXGroup;
			children = (
				4BF63C3E263588D00026E827 /* TestTodosViewModel.swift */,
			);
			path = views;
			sourceTree = "<group>";
		};
/* End PBXGroup section */

/* Begin PBXNativeTarget section */
		4BF63BDD2635778D0026E827 /* custom-build-configuration */ = {
			isa = PBXNativeTarget;
			buildConfigurationList = 4BF63C032635778F0026E827 /* Build configuration list for PBXNativeTarget "custom-build-configuration" */;
			buildPhases = (
				4BF63BDA2635778D0026E827 /* Sources */,
				4BF63BDB2635778D0026E827 /* Frameworks */,
				4BF63BDC2635778D0026E827 /* Resources */,
			);
			buildRules = (
			);
			dependencies = (
			);
			name = "custom-build-configuration";
			productName = "custom-build-configuration";
			productReference = 4BF63BDE2635778D0026E827 /* custom-build-configuration.app */;
			productType = "com.apple.product-type.application";
		};
		4BF63BEE2635778F0026E827 /* custom-build-configurationTests */ = {
			isa = PBXNativeTarget;
			buildConfigurationList = 4BF63C062635778F0026E827 /* Build configuration list for PBXNativeTarget "custom-build-configurationTests" */;
			buildPhases = (
				4BF63BEB2635778F0026E827 /* Sources */,
				4BF63BEC2635778F0026E827 /* Frameworks */,
				4BF63BED2635778F0026E827 /* Resources */,
			);
			buildRules = (
			);
			dependencies = (
				4BF63BF12635778F0026E827 /* PBXTargetDependency */,
			);
			name = "custom-build-configurationTests";
			productName = "custom-build-configurationTests";
			productReference = 4BF63BEF2635778F0026E827 /* custom-build-configurationTests.xctest */;
			productType = "com.apple.product-type.bundle.unit-test";
		};
/* End PBXNativeTarget section */

/* Begin PBXProject section */
		4BF63BD62635778D0026E827 /* Project object */ = {
			isa = PBXProject;
			attributes = {
				LastSwiftUpdateCheck = 1240;
				LastUpgradeCheck = 1240;
				TargetAttributes = {
					4BF63BDD2635778D0026E827 = {
						CreatedOnToolsVersion = 12.4;
					};
					4BF63BEE2635778F0026E827 = {
						CreatedOnToolsVersion = 12.4;
						TestTargetID = 4BF63BDD2635778D0026E827;
					};
				};
			};
			buildConfigurationList = 4BF63BD92635778D0026E827 /* Build configuration list for PBXProject "custom-build-configuration" */;
			compatibilityVersion = "Xcode 9.3";
			developmentRegion = en;
			hasScannedForEncodings = 0;
			knownRegions = (
				en,
				Base,
			);
			mainGroup = 4BF63BD52635778D0026E827;
			productRefGroup = 4BF63BDF2635778D0026E827 /* Products */;
			projectDirPath = "";
			projectRoot = "";
			targets = (
				4BF63BDD2635778D0026E827 /* custom-build-configuration */,
				4BF63BEE2635778F0026E827 /* custom-build-configurationTests */,
			);
		};
/* End PBXProject section */

/* Begin PBXResourcesBuildPhase section */
		4BF63BDC2635778D0026E827 /* Resources */ = {
			isa = PBXResourcesBuildPhase;
			buildActionMask = 2147483647;
			files = (
				4BF63BE92635778F0026E827 /* Preview Assets.xcassets in Resources */,
				4BF63BE62635778F0026E827 /* Assets.xcassets in Resources */,
			);
			runOnlyForDeploymentPostprocessing = 0;
		};
		4BF63BED2635778F0026E827 /* Resources */ = {
			isa = PBXResourcesBuildPhase;
			buildActionMask = 2147483647;
			files = (
			);
			runOnlyForDeploymentPostprocessing = 0;
		};
/* End PBXResourcesBuildPhase section */

/* Begin PBXSourcesBuildPhase section */
		4BF63BDA2635778D0026E827 /* Sources */ = {
			isa = PBXSourcesBuildPhase;
			buildActionMask = 2147483647;
			files = (
				4BF63C1D26357AF60026E827 /* Configuration.swift in Sources */,
				4BF63C2326357D000026E827 /* ProductionTodosRepository.swift in Sources */,
				4BF63C312635812C0026E827 /* TodoDto.swift in Sources */,
				4BF63C372635872E0026E827 /* TodosViewModel.swift in Sources */,
				4BF63C2D26357DD80026E827 /* InMemoryTodosRepository.swift in Sources */,
				4BF63C572635BCF10026E827 /* AppContainer.swift in Sources */,
				4BF63BE22635778D0026E827 /* custom_build_configurationApp.swift in Sources */,
				4BF63C532635BBE90026E827 /* TodosContainer.swift in Sources */,
				4BF63C4F2635B9E30026E827 /* TodosView.swift in Sources */,
				4BF63C2926357D1A0026E827 /* Todo.swift in Sources */,
			);
			runOnlyForDeploymentPostprocessing = 0;
		};
		4BF63BEB2635778F0026E827 /* Sources */ = {
			isa = PBXSourcesBuildPhase;
			buildActionMask = 2147483647;
			files = (
				4BF63C4526358FCE0026E827 /* TodosFixture.swift in Sources */,
				4BF63C3F263588D00026E827 /* TestTodosViewModel.swift in Sources */,
				4BF63BF42635778F0026E827 /* custom_build_configurationTests.swift in Sources */,
			);
			runOnlyForDeploymentPostprocessing = 0;
		};
/* End PBXSourcesBuildPhase section */

/* Begin PBXTargetDependency section */
		4BF63BF12635778F0026E827 /* PBXTargetDependency */ = {
			isa = PBXTargetDependency;
			target = 4BF63BDD2635778D0026E827 /* custom-build-configuration */;
			targetProxy = 4BF63BF02635778F0026E827 /* PBXContainerItemProxy */;
		};
/* End PBXTargetDependency section */

/* Begin XCBuildConfiguration section */
		4BF63C012635778F0026E827 /* Debug */ = {
			isa = XCBuildConfiguration;
			buildSettings = {
				ALWAYS_SEARCH_USER_PATHS = NO;
				CLANG_ANALYZER_NONNULL = YES;
				CLANG_ANALYZER_NUMBER_OBJECT_CONVERSION = YES_AGGRESSIVE;
				CLANG_CXX_LANGUAGE_STANDARD = "gnu++14";
				CLANG_CXX_LIBRARY = "libc++";
				CLANG_ENABLE_MODULES = YES;
				CLANG_ENABLE_OBJC_ARC = YES;
				CLANG_ENABLE_OBJC_WEAK = YES;
				CLANG_WARN_BLOCK_CAPTURE_AUTORELEASING = YES;
				CLANG_WARN_BOOL_CONVERSION = YES;
				CLANG_WARN_COMMA = YES;
				CLANG_WARN_CONSTANT_CONVERSION = YES;
				CLANG_WARN_DEPRECATED_OBJC_IMPLEMENTATIONS = YES;
				CLANG_WARN_DIRECT_OBJC_ISA_USAGE = YES_ERROR;
				CLANG_WARN_DOCUMENTATION_COMMENTS = YES;
				CLANG_WARN_EMPTY_BODY = YES;
				CLANG_WARN_ENUM_CONVERSION = YES;
				CLANG_WARN_INFINITE_RECURSION = YES;
				CLANG_WARN_INT_CONVERSION = YES;
				CLANG_WARN_NON_LITERAL_NULL_CONVERSION = YES;
				CLANG_WARN_OBJC_IMPLICIT_RETAIN_SELF = YES;
				CLANG_WARN_OBJC_LITERAL_CONVERSION = YES;
				CLANG_WARN_OBJC_ROOT_CLASS = YES_ERROR;
				CLANG_WARN_QUOTED_INCLUDE_IN_FRAMEWORK_HEADER = YES;
				CLANG_WARN_RANGE_LOOP_ANALYSIS = YES;
				CLANG_WARN_STRICT_PROTOTYPES = YES;
				CLANG_WARN_SUSPICIOUS_MOVE = YES;
				CLANG_WARN_UNGUARDED_AVAILABILITY = YES_AGGRESSIVE;
				CLANG_WARN_UNREACHABLE_CODE = YES;
				CLANG_WARN__DUPLICATE_METHOD_MATCH = YES;
				COPY_PHASE_STRIP = NO;
				DEBUG_INFORMATION_FORMAT = dwarf;
				ENABLE_STRICT_OBJC_MSGSEND = YES;
				ENABLE_TESTABILITY = YES;
				GCC_C_LANGUAGE_STANDARD = gnu11;
				GCC_DYNAMIC_NO_PIC = NO;
				GCC_NO_COMMON_BLOCKS = YES;
				GCC_OPTIMIZATION_LEVEL = 0;
				GCC_PREPROCESSOR_DEFINITIONS = (
					"DEBUG=1",
					"$(inherited)",
				);
				GCC_WARN_64_TO_32_BIT_CONVERSION = YES;
				GCC_WARN_ABOUT_RETURN_TYPE = YES_ERROR;
				GCC_WARN_UNDECLARED_SELECTOR = YES;
				GCC_WARN_UNINITIALIZED_AUTOS = YES_AGGRESSIVE;
				GCC_WARN_UNUSED_FUNCTION = YES;
				GCC_WARN_UNUSED_VARIABLE = YES;
				IPHONEOS_DEPLOYMENT_TARGET = 14.4;
				MTL_ENABLE_DEBUG_INFO = INCLUDE_SOURCE;
				MTL_FAST_MATH = YES;
				ONLY_ACTIVE_ARCH = YES;
				SDKROOT = iphoneos;
				SWIFT_ACTIVE_COMPILATION_CONDITIONS = DEBUG;
				SWIFT_OPTIMIZATION_LEVEL = "-Onone";
			};
			name = Debug;
		};
		4BF63C022635778F0026E827 /* Release */ = {
			isa = XCBuildConfiguration;
			buildSettings = {
				ALWAYS_SEARCH_USER_PATHS = NO;
				CLANG_ANALYZER_NONNULL = YES;
				CLANG_ANALYZER_NUMBER_OBJECT_CONVERSION = YES_AGGRESSIVE;
				CLANG_CXX_LANGUAGE_STANDARD = "gnu++14";
				CLANG_CXX_LIBRARY = "libc++";
				CLANG_ENABLE_MODULES = YES;
				CLANG_ENABLE_OBJC_ARC = YES;
				CLANG_ENABLE_OBJC_WEAK = YES;
				CLANG_WARN_BLOCK_CAPTURE_AUTORELEASING = YES;
				CLANG_WARN_BOOL_CONVERSION = YES;
				CLANG_WARN_COMMA = YES;
				CLANG_WARN_CONSTANT_CONVERSION = YES;
				CLANG_WARN_DEPRECATED_OBJC_IMPLEMENTATIONS = YES;
				CLANG_WARN_DIRECT_OBJC_ISA_USAGE = YES_ERROR;
				CLANG_WARN_DOCUMENTATION_COMMENTS = YES;
				CLANG_WARN_EMPTY_BODY = YES;
				CLANG_WARN_ENUM_CONVERSION = YES;
				CLANG_WARN_INFINITE_RECURSION = YES;
				CLANG_WARN_INT_CONVERSION = YES;
				CLANG_WARN_NON_LITERAL_NULL_CONVERSION = YES;
				CLANG_WARN_OBJC_IMPLICIT_RETAIN_SELF = YES;
				CLANG_WARN_OBJC_LITERAL_CONVERSION = YES;
				CLANG_WARN_OBJC_ROOT_CLASS = YES_ERROR;
				CLANG_WARN_QUOTED_INCLUDE_IN_FRAMEWORK_HEADER = YES;
				CLANG_WARN_RANGE_LOOP_ANALYSIS = YES;
				CLANG_WARN_STRICT_PROTOTYPES = YES;
				CLANG_WARN_SUSPICIOUS_MOVE = YES;
				CLANG_WARN_UNGUARDED_AVAILABILITY = YES_AGGRESSIVE;
				CLANG_WARN_UNREACHABLE_CODE = YES;
				CLANG_WARN__DUPLICATE_METHOD_MATCH = YES;
				COPY_PHASE_STRIP = NO;
				DEBUG_INFORMATION_FORMAT = "dwarf-with-dsym";
				ENABLE_NS_ASSERTIONS = NO;
				ENABLE_STRICT_OBJC_MSGSEND = YES;
				GCC_C_LANGUAGE_STANDARD = gnu11;
				GCC_NO_COMMON_BLOCKS = YES;
				GCC_WARN_64_TO_32_BIT_CONVERSION = YES;
				GCC_WARN_ABOUT_RETURN_TYPE = YES_ERROR;
				GCC_WARN_UNDECLARED_SELECTOR = YES;
				GCC_WARN_UNINITIALIZED_AUTOS = YES_AGGRESSIVE;
				GCC_WARN_UNUSED_FUNCTION = YES;
				GCC_WARN_UNUSED_VARIABLE = YES;
				IPHONEOS_DEPLOYMENT_TARGET = 14.4;
				MTL_ENABLE_DEBUG_INFO = NO;
				MTL_FAST_MATH = YES;
				SDKROOT = iphoneos;
				SWIFT_COMPILATION_MODE = wholemodule;
				SWIFT_OPTIMIZATION_LEVEL = "-O";
				VALIDATE_PRODUCT = YES;
			};
			name = Release;
		};
		4BF63C042635778F0026E827 /* Debug */ = {
			isa = XCBuildConfiguration;
			buildSettings = {
				ASSETCATALOG_COMPILER_APPICON_NAME = AppIcon;
				ASSETCATALOG_COMPILER_GLOBAL_ACCENT_COLOR_NAME = AccentColor;
				CODE_SIGN_STYLE = Automatic;
				DEVELOPMENT_ASSET_PATHS = "\"custom-build-configuration/Preview Content\"";
				DEVELOPMENT_TEAM = 6SQ7R2QP39;
				ENABLE_PREVIEWS = YES;
				INFOPLIST_FILE = "custom-build-configuration/Info.plist";
				IPHONEOS_DEPLOYMENT_TARGET = 14.0;
				LD_RUNPATH_SEARCH_PATHS = (
					"$(inherited)",
					"@executable_path/Frameworks",
				);
				PRODUCT_BUNDLE_IDENTIFIER = "de.remshams.custom-build-configuration";
				PRODUCT_NAME = "$(TARGET_NAME)";
				SWIFT_VERSION = 5.0;
				TARGETED_DEVICE_FAMILY = "1,2";
			};
			name = Debug;
		};
		4BF63C052635778F0026E827 /* Release */ = {
			isa = XCBuildConfiguration;
			buildSettings = {
				ASSETCATALOG_COMPILER_APPICON_NAME = AppIcon;
				ASSETCATALOG_COMPILER_GLOBAL_ACCENT_COLOR_NAME = AccentColor;
				CODE_SIGN_STYLE = Automatic;
				DEVELOPMENT_ASSET_PATHS = "\"custom-build-configuration/Preview Content\"";
				DEVELOPMENT_TEAM = 6SQ7R2QP39;
				ENABLE_PREVIEWS = YES;
				INFOPLIST_FILE = "custom-build-configuration/Info.plist";
				IPHONEOS_DEPLOYMENT_TARGET = 14.0;
				LD_RUNPATH_SEARCH_PATHS = (
					"$(inherited)",
					"@executable_path/Frameworks",
				);
				PRODUCT_BUNDLE_IDENTIFIER = "de.remshams.custom-build-configuration";
				PRODUCT_NAME = "$(TARGET_NAME)";
				SWIFT_VERSION = 5.0;
				TARGETED_DEVICE_FAMILY = "1,2";
			};
			name = Release;
		};
		4BF63C072635778F0026E827 /* Debug */ = {
			isa = XCBuildConfiguration;
			buildSettings = {
				ALWAYS_EMBED_SWIFT_STANDARD_LIBRARIES = YES;
				BUNDLE_LOADER = "$(TEST_HOST)";
				CODE_SIGN_STYLE = Automatic;
				DEVELOPMENT_TEAM = 6SQ7R2QP39;
				INFOPLIST_FILE = "custom-build-configurationTests/Info.plist";
				IPHONEOS_DEPLOYMENT_TARGET = 14.0;
				LD_RUNPATH_SEARCH_PATHS = (
					"$(inherited)",
					"@executable_path/Frameworks",
					"@loader_path/Frameworks",
				);
				PRODUCT_BUNDLE_IDENTIFIER = "de.remshams.custom-build-configurationTests";
				PRODUCT_NAME = "$(TARGET_NAME)";
				SWIFT_VERSION = 5.0;
				TARGETED_DEVICE_FAMILY = "1,2";
				TEST_HOST = "$(BUILT_PRODUCTS_DIR)/custom-build-configuration.app/custom-build-configuration";
			};
			name = Debug;
		};
		4BF63C082635778F0026E827 /* Release */ = {
			isa = XCBuildConfiguration;
			buildSettings = {
				ALWAYS_EMBED_SWIFT_STANDARD_LIBRARIES = YES;
				BUNDLE_LOADER = "$(TEST_HOST)";
				CODE_SIGN_STYLE = Automatic;
				DEVELOPMENT_TEAM = 6SQ7R2QP39;
				INFOPLIST_FILE = "custom-build-configurationTests/Info.plist";
				IPHONEOS_DEPLOYMENT_TARGET = 14.0;
				LD_RUNPATH_SEARCH_PATHS = (
					"$(inherited)",
					"@executable_path/Frameworks",
					"@loader_path/Frameworks",
				);
				PRODUCT_BUNDLE_IDENTIFIER = "de.remshams.custom-build-configurationTests";
				PRODUCT_NAME = "$(TARGET_NAME)";
				SWIFT_VERSION = 5.0;
				TARGETED_DEVICE_FAMILY = "1,2";
				TEST_HOST = "$(BUILT_PRODUCTS_DIR)/custom-build-configuration.app/custom-build-configuration";
			};
			name = Release;
		};
		4BF63C13263577D80026E827 /* Test */ = {
			isa = XCBuildConfiguration;
			buildSettings = {
				ALWAYS_SEARCH_USER_PATHS = NO;
				CLANG_ANALYZER_NONNULL = YES;
				CLANG_ANALYZER_NUMBER_OBJECT_CONVERSION = YES_AGGRESSIVE;
				CLANG_CXX_LANGUAGE_STANDARD = "gnu++14";
				CLANG_CXX_LIBRARY = "libc++";
				CLANG_ENABLE_MODULES = YES;
				CLANG_ENABLE_OBJC_ARC = YES;
				CLANG_ENABLE_OBJC_WEAK = YES;
				CLANG_WARN_BLOCK_CAPTURE_AUTORELEASING = YES;
				CLANG_WARN_BOOL_CONVERSION = YES;
				CLANG_WARN_COMMA = YES;
				CLANG_WARN_CONSTANT_CONVERSION = YES;
				CLANG_WARN_DEPRECATED_OBJC_IMPLEMENTATIONS = YES;
				CLANG_WARN_DIRECT_OBJC_ISA_USAGE = YES_ERROR;
				CLANG_WARN_DOCUMENTATION_COMMENTS = YES;
				CLANG_WARN_EMPTY_BODY = YES;
				CLANG_WARN_ENUM_CONVERSION = YES;
				CLANG_WARN_INFINITE_RECURSION = YES;
				CLANG_WARN_INT_CONVERSION = YES;
				CLANG_WARN_NON_LITERAL_NULL_CONVERSION = YES;
				CLANG_WARN_OBJC_IMPLICIT_RETAIN_SELF = YES;
				CLANG_WARN_OBJC_LITERAL_CONVERSION = YES;
				CLANG_WARN_OBJC_ROOT_CLASS = YES_ERROR;
				CLANG_WARN_QUOTED_INCLUDE_IN_FRAMEWORK_HEADER = YES;
				CLANG_WARN_RANGE_LOOP_ANALYSIS = YES;
				CLANG_WARN_STRICT_PROTOTYPES = YES;
				CLANG_WARN_SUSPICIOUS_MOVE = YES;
				CLANG_WARN_UNGUARDED_AVAILABILITY = YES_AGGRESSIVE;
				CLANG_WARN_UNREACHABLE_CODE = YES;
				CLANG_WARN__DUPLICATE_METHOD_MATCH = YES;
				COPY_PHASE_STRIP = NO;
				DEBUG_INFORMATION_FORMAT = dwarf;
				ENABLE_STRICT_OBJC_MSGSEND = YES;
				ENABLE_TESTABILITY = YES;
				GCC_C_LANGUAGE_STANDARD = gnu11;
				GCC_DYNAMIC_NO_PIC = NO;
				GCC_NO_COMMON_BLOCKS = YES;
				GCC_OPTIMIZATION_LEVEL = 0;
				GCC_PREPROCESSOR_DEFINITIONS = (
					"DEBUG=1",
					"$(inherited)",
				);
				GCC_WARN_64_TO_32_BIT_CONVERSION = YES;
				GCC_WARN_ABOUT_RETURN_TYPE = YES_ERROR;
				GCC_WARN_UNDECLARED_SELECTOR = YES;
				GCC_WARN_UNINITIALIZED_AUTOS = YES_AGGRESSIVE;
				GCC_WARN_UNUSED_FUNCTION = YES;
				GCC_WARN_UNUSED_VARIABLE = YES;
				IPHONEOS_DEPLOYMENT_TARGET = 14.4;
				MTL_ENABLE_DEBUG_INFO = INCLUDE_SOURCE;
				MTL_FAST_MATH = YES;
				ONLY_ACTIVE_ARCH = YES;
				SDKROOT = iphoneos;
				SWIFT_ACTIVE_COMPILATION_CONDITIONS = DEBUG;
				"SWIFT_ACTIVE_COMPILATION_CONDITIONS[arch=*]" = "DEBUG TEST";
				SWIFT_OPTIMIZATION_LEVEL = "-Onone";
			};
			name = Test;
		};
		4BF63C14263577D80026E827 /* Test */ = {
			isa = XCBuildConfiguration;
			buildSettings = {
				ASSETCATALOG_COMPILER_APPICON_NAME = AppIcon;
				ASSETCATALOG_COMPILER_GLOBAL_ACCENT_COLOR_NAME = AccentColor;
				CODE_SIGN_STYLE = Automatic;
				DEVELOPMENT_ASSET_PATHS = "\"custom-build-configuration/Preview Content\"";
				DEVELOPMENT_TEAM = 6SQ7R2QP39;
				ENABLE_PREVIEWS = YES;
				INFOPLIST_FILE = "custom-build-configuration/Info.plist";
				IPHONEOS_DEPLOYMENT_TARGET = 14.0;
				LD_RUNPATH_SEARCH_PATHS = (
					"$(inherited)",
					"@executable_path/Frameworks",
				);
				PRODUCT_BUNDLE_IDENTIFIER = "de.remshams.custom-build-configuration";
				PRODUCT_NAME = "$(TARGET_NAME)";
				SWIFT_VERSION = 5.0;
				TARGETED_DEVICE_FAMILY = "1,2";
			};
			name = Test;
		};
		4BF63C15263577D80026E827 /* Test */ = {
			isa = XCBuildConfiguration;
			buildSettings = {
				ALWAYS_EMBED_SWIFT_STANDARD_LIBRARIES = YES;
				BUNDLE_LOADER = "$(TEST_HOST)";
				CODE_SIGN_STYLE = Automatic;
				DEVELOPMENT_TEAM = 6SQ7R2QP39;
				INFOPLIST_FILE = "custom-build-configurationTests/Info.plist";
				IPHONEOS_DEPLOYMENT_TARGET = 14.0;
				LD_RUNPATH_SEARCH_PATHS = (
					"$(inherited)",
					"@executable_path/Frameworks",
					"@loader_path/Frameworks",
				);
				PRODUCT_BUNDLE_IDENTIFIER = "de.remshams.custom-build-configurationTests";
				PRODUCT_NAME = "$(TARGET_NAME)";
				SWIFT_VERSION = 5.0;
				TARGETED_DEVICE_FAMILY = "1,2";
				TEST_HOST = "$(BUILT_PRODUCTS_DIR)/custom-build-configuration.app/custom-build-configuration";
			};
			name = Test;
		};
/* End XCBuildConfiguration section */

/* Begin XCConfigurationList section */
		4BF63BD92635778D0026E827 /* Build configuration list for PBXProject "custom-build-configuration" */ = {
			isa = XCConfigurationList;
			buildConfigurations = (
				4BF63C012635778F0026E827 /* Debug */,
				4BF63C13263577D80026E827 /* Test */,
				4BF63C022635778F0026E827 /* Release */,
			);
			defaultConfigurationIsVisible = 0;
			defaultConfigurationName = Release;
		};
		4BF63C032635778F0026E827 /* Build configuration list for PBXNativeTarget "custom-build-configuration" */ = {
			isa = XCConfigurationList;
			buildConfigurations = (
				4BF63C042635778F0026E827 /* Debug */,
				4BF63C14263577D80026E827 /* Test */,
				4BF63C052635778F0026E827 /* Release */,
			);
			defaultConfigurationIsVisible = 0;
			defaultConfigurationName = Release;
		};
		4BF63C062635778F0026E827 /* Build configuration list for PBXNativeTarget "custom-build-configurationTests" */ = {
			isa = XCConfigurationList;
			buildConfigurations = (
				4BF63C072635778F0026E827 /* Debug */,
				4BF63C15263577D80026E827 /* Test */,
				4BF63C082635778F0026E827 /* Release */,
			);
			defaultConfigurationIsVisible = 0;
			defaultConfigurationName = Release;
		};
/* End XCConfigurationList section */
	};
	rootObject = 4BF63BD62635778D0026E827 /* Project object */;
}
